
Microsoft Visual Studio Solution File, Format Version 12.00
# Visual Studio 15
VisualStudioVersion = 15.0.27428.2027
MinimumVisualStudioVersion = 10.0.40219.1
Project("{FAE04EC0-301F-11D3-BF4B-00C04F79EFBC}") = "T2-Kiuas", "T2-Kiuas\T2-Kiuas.csproj", "{1700CA0E-FCE8-4A68-A488-B3039534A3E9}"
EndProject
Global
	GlobalSection(SolutionConfigurationPlatforms) = preSolution
		Debug|Any CPU = Debug|Any CPU
		Release|Any CPU = Release|Any CPU
	EndGlobalSection
	GlobalSection(ProjectConfigurationPlatforms) = postSolution
		{1700CA0E-FCE8-4A68-A488-B3039534A3E9}.Debug|Any CPU.ActiveCfg = Debug|Any CPU
		{1700CA0E-FCE8-4A68-A488-B3039534A3E9}.Debug|Any CPU.Build.0 = Debug|Any CPU
		{1700CA0E-FCE8-4A68-A488-B3039534A3E9}.Release|Any CPU.ActiveCfg = Release|Any CPU
		{1700CA0E-FCE8-4A68-A488-B3039534A3E9}.Release|Any CPU.Build.0 = Release|Any CPU
	EndGlobalSection
	GlobalSection(SolutionProperties) = preSolution
		HideSolutionNode = FALSE
	EndGlobalSection
	GlobalSection(ExtensibilityGlobals) = postSolution
		SolutionGuid = {DE832DD7-A2C0-4B28-8B08-BE547DE9749D}
	EndGlobalSection
EndGlobal
