
Microsoft Visual Studio Solution File, Format Version 12.00
# Visual Studio 15
VisualStudioVersion = 15.0.27428.2027
MinimumVisualStudioVersion = 10.0.40219.1
Project("{FAE04EC0-301F-11D3-BF4B-00C04F79EFBC}") = "OliotTalteen", "OliotTalteen\OliotTalteen.csproj", "{9EBA84C5-16DC-42C9-8AA0-BE1F2BC21CB3}"
EndProject
Global
	GlobalSection(SolutionConfigurationPlatforms) = preSolution
		Debug|Any CPU = Debug|Any CPU
		Release|Any CPU = Release|Any CPU
	EndGlobalSection
	GlobalSection(ProjectConfigurationPlatforms) = postSolution
		{9EBA84C5-16DC-42C9-8AA0-BE1F2BC21CB3}.Debug|Any CPU.ActiveCfg = Debug|Any CPU
		{9EBA84C5-16DC-42C9-8AA0-BE1F2BC21CB3}.Debug|Any CPU.Build.0 = Debug|Any CPU
		{9EBA84C5-16DC-42C9-8AA0-BE1F2BC21CB3}.Release|Any CPU.ActiveCfg = Release|Any CPU
		{9EBA84C5-16DC-42C9-8AA0-BE1F2BC21CB3}.Release|Any CPU.Build.0 = Release|Any CPU
	EndGlobalSection
	GlobalSection(SolutionProperties) = preSolution
		HideSolutionNode = FALSE
	EndGlobalSection
	GlobalSection(ExtensibilityGlobals) = postSolution
		SolutionGuid = {C2CB3F71-82BD-43FD-B6A9-78AF6BF65485}
	EndGlobalSection
EndGlobal
