
Microsoft Visual Studio Solution File, Format Version 12.00
# Visual Studio 15
VisualStudioVersion = 15.0.27428.2027
MinimumVisualStudioVersion = 10.0.40219.1
Project("{FAE04EC0-301F-11D3-BF4B-00C04F79EFBC}") = "Golffia", "Golffia\Golffia.csproj", "{25C4ABBF-32EF-4F38-9164-A85749BCB7CF}"
EndProject
Global
	GlobalSection(SolutionConfigurationPlatforms) = preSolution
		Debug|Any CPU = Debug|Any CPU
		Release|Any CPU = Release|Any CPU
	EndGlobalSection
	GlobalSection(ProjectConfigurationPlatforms) = postSolution
		{25C4ABBF-32EF-4F38-9164-A85749BCB7CF}.Debug|Any CPU.ActiveCfg = Debug|Any CPU
		{25C4ABBF-32EF-4F38-9164-A85749BCB7CF}.Debug|Any CPU.Build.0 = Debug|Any CPU
		{25C4ABBF-32EF-4F38-9164-A85749BCB7CF}.Release|Any CPU.ActiveCfg = Release|Any CPU
		{25C4ABBF-32EF-4F38-9164-A85749BCB7CF}.Release|Any CPU.Build.0 = Release|Any CPU
	EndGlobalSection
	GlobalSection(SolutionProperties) = preSolution
		HideSolutionNode = FALSE
	EndGlobalSection
	GlobalSection(ExtensibilityGlobals) = postSolution
		SolutionGuid = {F32CE8C4-09E5-43E5-B971-8CEE67C65185}
	EndGlobalSection
EndGlobal
