
Microsoft Visual Studio Solution File, Format Version 12.00
# Visual Studio 15
VisualStudioVersion = 15.0.27428.2027
MinimumVisualStudioVersion = 10.0.40219.1
Project("{FAE04EC0-301F-11D3-BF4B-00C04F79EFBC}") = "CalculatorApplication", "CalculatorApplication\CalculatorApplication.csproj", "{28038EC1-4281-4BE9-8C3B-9DB380E9E8AF}"
EndProject
Project("{FAE04EC0-301F-11D3-BF4B-00C04F79EFBC}") = "CalculatorApplicationTests", "CalculatorApplicationTests\CalculatorApplicationTests.csproj", "{C25FAFFD-01F6-43EB-A179-678C4A95D992}"
EndProject
Global
	GlobalSection(SolutionConfigurationPlatforms) = preSolution
		Debug|Any CPU = Debug|Any CPU
		Release|Any CPU = Release|Any CPU
	EndGlobalSection
	GlobalSection(ProjectConfigurationPlatforms) = postSolution
		{28038EC1-4281-4BE9-8C3B-9DB380E9E8AF}.Debug|Any CPU.ActiveCfg = Debug|Any CPU
		{28038EC1-4281-4BE9-8C3B-9DB380E9E8AF}.Debug|Any CPU.Build.0 = Debug|Any CPU
		{28038EC1-4281-4BE9-8C3B-9DB380E9E8AF}.Release|Any CPU.ActiveCfg = Release|Any CPU
		{28038EC1-4281-4BE9-8C3B-9DB380E9E8AF}.Release|Any CPU.Build.0 = Release|Any CPU
		{C25FAFFD-01F6-43EB-A179-678C4A95D992}.Debug|Any CPU.ActiveCfg = Debug|Any CPU
		{C25FAFFD-01F6-43EB-A179-678C4A95D992}.Debug|Any CPU.Build.0 = Debug|Any CPU
		{C25FAFFD-01F6-43EB-A179-678C4A95D992}.Release|Any CPU.ActiveCfg = Release|Any CPU
		{C25FAFFD-01F6-43EB-A179-678C4A95D992}.Release|Any CPU.Build.0 = Release|Any CPU
	EndGlobalSection
	GlobalSection(SolutionProperties) = preSolution
		HideSolutionNode = FALSE
	EndGlobalSection
	GlobalSection(ExtensibilityGlobals) = postSolution
		SolutionGuid = {77A83410-61C4-43DF-B3C0-7A20F00FD312}
	EndGlobalSection
EndGlobal
